// !$*UTF8*$!
{
	archiveVersion = 1;
	classes = {
	};
	objectVersion = 77;
	objects = {

/* Begin PBXBuildFile section */
		0E58FD1B93526554540102B2 /* MarkListenedTests.swift in Sources */ = {isa = PBXBuildFile; fileRef = 16ACCF8BF2B0271CF61284A8 /* MarkListenedTests.swift */; };
		295727F58E95E201E6B2EAD9 /* SharesByUserViewModelTests.swift in Sources */ = {isa = PBXBuildFile; fileRef = DDE575BAF70D30E456BD526A /* SharesByUserViewModelTests.swift */; };
		298BFE084D497A84B6D63C02 /* MockXomifyServicing.swift in Sources */ = {isa = PBXBuildFile; fileRef = BC412162FDDE5E20E725713A /* MockXomifyServicing.swift */; };
		2A0C3C8DD8CE35F4C62D23F3 /* UserProfileViewModelTests.swift in Sources */ = {isa = PBXBuildFile; fileRef = A149D18F0C9C45FE02DF2FFE /* UserProfileViewModelTests.swift */; };
		5291E4D62F08231D00A10C3E /* SpotifyiOS in Frameworks */ = {isa = PBXBuildFile; productRef = 5291E4D52F08231D00A10C3E /* SpotifyiOS */; };
		5291E4E42F08498E00A10C3E /* secrets.xcconfig in Resources */ = {isa = PBXBuildFile; fileRef = 5291E4E32F08498E00A10C3E /* secrets.xcconfig */; };
		5291E4E62F084B2400A10C3E /* secrets.template.xcconfig in Resources */ = {isa = PBXBuildFile; fileRef = 5291E4E52F084B2400A10C3E /* secrets.template.xcconfig */; };
		5E5ED423C767FCDA4757A1D8 /* SettingsViewModelTests.swift in Sources */ = {isa = PBXBuildFile; fileRef = 4A0B7F6F74066BE37CAED577 /* SettingsViewModelTests.swift */; };
		780B59EF4A2BBA3F2E5D0D04 /* AuthServiceJwtTests.swift in Sources */ = {isa = PBXBuildFile; fileRef = 1FCED2E580538B1B7B9E93BA /* AuthServiceJwtTests.swift */; };
		7CF6A051BF0A423E80ECFC27 /* MockXomifyServiceProtocol.swift in Sources */ = {isa = PBXBuildFile; fileRef = F39C08E8FA3EBC7B6F81D99D /* MockXomifyServiceProtocol.swift */; };
		A6510CD4D76F4221D712C0B6 /* Foundation.framework in Frameworks */ = {isa = PBXBuildFile; fileRef = CAD5C93A2102061C858643E4 /* Foundation.framework */; };
		B0220430B97A8504A91FE818 /* ProfileLikesViewModelTests.swift in Sources */ = {isa = PBXBuildFile; fileRef = ABFD1B5524784BB1C1D3159A /* ProfileLikesViewModelTests.swift */; };
		C521E81E03B10F74F79C14CD /* ShareComposerViewModelTests.swift in Sources */ = {isa = PBXBuildFile; fileRef = EC9DE517DC7F22981C08234F /* ShareComposerViewModelTests.swift */; };
		EDDAC6AEABF69C2791E38B4E /* NotificationsServiceTests.swift in Sources */ = {isa = PBXBuildFile; fileRef = 60ED71CF786B711E482B0F4F /* NotificationsServiceTests.swift */; };
		F29641B52FA19F5200A9830C /* XomifyShareExtension.appex in Embed Foundation Extensions */ = {isa = PBXBuildFile; fileRef = F29641AB2FA19F5200A9830C /* XomifyShareExtension.appex */; settings = {ATTRIBUTES = (RemoveHeadersOnCopy, ); }; };
/* End PBXBuildFile section */

/* Begin PBXContainerItemProxy section */
		548498BBD38773AC50FA622C /* PBXContainerItemProxy */ = {
			isa = PBXContainerItemProxy;
			containerPortal = 5291E4BE2F0822CF00A10C3E /* Project object */;
			proxyType = 1;
			remoteGlobalIDString = 5291E4C52F0822CF00A10C3E;
			remoteInfo = "Xomify-iOS";
		};
		F29641B32FA19F5200A9830C /* PBXContainerItemProxy */ = {
			isa = PBXContainerItemProxy;
			containerPortal = 5291E4BE2F0822CF00A10C3E /* Project object */;
			proxyType = 1;
			remoteGlobalIDString = F29641AA2FA19F5200A9830C;
			remoteInfo = XomifyShareExtension;
		};
/* End PBXContainerItemProxy section */

/* Begin PBXCopyFilesBuildPhase section */
		F29641A22FA19EF400A9830C /* Embed Foundation Extensions */ = {
			isa = PBXCopyFilesBuildPhase;
			buildActionMask = 2147483647;
			dstPath = "";
			dstSubfolderSpec = 13;
			files = (
				F29641B52FA19F5200A9830C /* XomifyShareExtension.appex in Embed Foundation Extensions */,
			);
			name = "Embed Foundation Extensions";
			runOnlyForDeploymentPostprocessing = 0;
		};
/* End PBXCopyFilesBuildPhase section */

/* Begin PBXFileReference section */
		16ACCF8BF2B0271CF61284A8 /* MarkListenedTests.swift */ = {isa = PBXFileReference; includeInIndex = 1; lastKnownFileType = sourcecode.swift; path = MarkListenedTests.swift; sourceTree = "<group>"; };
		1FCED2E580538B1B7B9E93BA /* AuthServiceJwtTests.swift */ = {isa = PBXFileReference; includeInIndex = 1; lastKnownFileType = sourcecode.swift; path = AuthServiceJwtTests.swift; sourceTree = "<group>"; };
		3450C82D7172082063125400 /* Xomify-iOSTests.xctest */ = {isa = PBXFileReference; explicitFileType = wrapper.cfbundle; includeInIndex = 0; path = "Xomify-iOSTests.xctest"; sourceTree = BUILT_PRODUCTS_DIR; };
		4A0B7F6F74066BE37CAED577 /* SettingsViewModelTests.swift */ = {isa = PBXFileReference; includeInIndex = 1; lastKnownFileType = sourcecode.swift; path = SettingsViewModelTests.swift; sourceTree = "<group>"; };
		5291E4C62F0822CF00A10C3E /* Xomify-iOS.app */ = {isa = PBXFileReference; explicitFileType = wrapper.application; includeInIndex = 0; path = "Xomify-iOS.app"; sourceTree = BUILT_PRODUCTS_DIR; };
		5291E4E32F08498E00A10C3E /* secrets.xcconfig */ = {isa = PBXFileReference; lastKnownFileType = text.xcconfig; path = secrets.xcconfig; sourceTree = "<group>"; };
		5291E4E52F084B2400A10C3E /* secrets.template.xcconfig */ = {isa = PBXFileReference; lastKnownFileType = text.xcconfig; path = secrets.template.xcconfig; sourceTree = "<group>"; };
		60ED71CF786B711E482B0F4F /* NotificationsServiceTests.swift */ = {isa = PBXFileReference; includeInIndex = 1; lastKnownFileType = sourcecode.swift; path = NotificationsServiceTests.swift; sourceTree = "<group>"; };
		A149D18F0C9C45FE02DF2FFE /* UserProfileViewModelTests.swift */ = {isa = PBXFileReference; includeInIndex = 1; lastKnownFileType = sourcecode.swift; path = UserProfileViewModelTests.swift; sourceTree = "<group>"; };
		ABFD1B5524784BB1C1D3159A /* ProfileLikesViewModelTests.swift */ = {isa = PBXFileReference; includeInIndex = 1; lastKnownFileType = sourcecode.swift; path = ProfileLikesViewModelTests.swift; sourceTree = "<group>"; };
		BC412162FDDE5E20E725713A /* MockXomifyServicing.swift */ = {isa = PBXFileReference; includeInIndex = 1; lastKnownFileType = sourcecode.swift; path = MockXomifyServicing.swift; sourceTree = "<group>"; };
		CAD5C93A2102061C858643E4 /* Foundation.framework */ = {isa = PBXFileReference; lastKnownFileType = wrapper.framework; name = Foundation.framework; path = Platforms/iPhoneOS.platform/Developer/SDKs/iPhoneOS18.0.sdk/System/Library/Frameworks/Foundation.framework; sourceTree = DEVELOPER_DIR; };
		DDE575BAF70D30E456BD526A /* SharesByUserViewModelTests.swift */ = {isa = PBXFileReference; includeInIndex = 1; lastKnownFileType = sourcecode.swift; path = SharesByUserViewModelTests.swift; sourceTree = "<group>"; };
		EC9DE517DC7F22981C08234F /* ShareComposerViewModelTests.swift */ = {isa = PBXFileReference; includeInIndex = 1; lastKnownFileType = sourcecode.swift; path = ShareComposerViewModelTests.swift; sourceTree = "<group>"; };
		F29641AB2FA19F5200A9830C /* XomifyShareExtension.appex */ = {isa = PBXFileReference; explicitFileType = "wrapper.app-extension"; includeInIndex = 0; path = XomifyShareExtension.appex; sourceTree = BUILT_PRODUCTS_DIR; };
		F39C08E8FA3EBC7B6F81D99D /* MockXomifyServiceProtocol.swift */ = {isa = PBXFileReference; includeInIndex = 1; lastKnownFileType = sourcecode.swift; path = MockXomifyServiceProtocol.swift; sourceTree = "<group>"; };
/* End PBXFileReference section */

/* Begin PBXFileSystemSynchronizedBuildFileExceptionSet section */
		5291E4E02F0847A300A10C3E /* Exceptions for "Xomify-iOS" folder in "Xomify-iOS" target */ = {
			isa = PBXFileSystemSynchronizedBuildFileExceptionSet;
			membershipExceptions = (
				Info.plist,
			);
			target = 5291E4C52F0822CF00A10C3E /* Xomify-iOS */;
		};
		F29641B62FA19F5200A9830C /* Exceptions for "XomifyShareExtension" folder in "XomifyShareExtension" target */ = {
			isa = PBXFileSystemSynchronizedBuildFileExceptionSet;
			membershipExceptions = (
				Info.plist,
			);
			target = F29641AA2FA19F5200A9830C /* XomifyShareExtension */;
		};
/* End PBXFileSystemSynchronizedBuildFileExceptionSet section */

/* Begin PBXFileSystemSynchronizedRootGroup section */
		5291E4C82F0822D000A10C3E /* Xomify-iOS */ = {
			isa = PBXFileSystemSynchronizedRootGroup;
			exceptions = (
				5291E4E02F0847A300A10C3E /* Exceptions for "Xomify-iOS" folder in "Xomify-iOS" target */,
			);
			path = "Xomify-iOS";
			sourceTree = "<group>";
		};
		F29641AC2FA19F5200A9830C /* XomifyShareExtension */ = {
			isa = PBXFileSystemSynchronizedRootGroup;
			exceptions = (
				F29641B62FA19F5200A9830C /* Exceptions for "XomifyShareExtension" folder in "XomifyShareExtension" target */,
			);
			path = XomifyShareExtension;
			sourceTree = "<group>";
		};
/* End PBXFileSystemSynchronizedRootGroup section */

/* Begin PBXFrameworksBuildPhase section */
		5291E4C32F0822CF00A10C3E /* Frameworks */ = {
			isa = PBXFrameworksBuildPhase;
			buildActionMask = 2147483647;
			files = (
				5291E4D62F08231D00A10C3E /* SpotifyiOS in Frameworks */,
			);
			runOnlyForDeploymentPostprocessing = 0;
		};
		CB5C1543E8D3BDDEA8FB21A0 /* Frameworks */ = {
			isa = PBXFrameworksBuildPhase;
			buildActionMask = 2147483647;
			files = (
				A6510CD4D76F4221D712C0B6 /* Foundation.framework in Frameworks */,
			);
			runOnlyForDeploymentPostprocessing = 0;
		};
		F29641A82FA19F5200A9830C /* Frameworks */ = {
			isa = PBXFrameworksBuildPhase;
			buildActionMask = 2147483647;
			files = (
			);
			runOnlyForDeploymentPostprocessing = 0;
		};
/* End PBXFrameworksBuildPhase section */

/* Begin PBXGroup section */
		418EC84A4AD12598D80D18C6 /* Xomify-iOSTests */ = {
			isa = PBXGroup;
			children = (
				1FCED2E580538B1B7B9E93BA /* AuthServiceJwtTests.swift */,
				16ACCF8BF2B0271CF61284A8 /* MarkListenedTests.swift */,
				F39C08E8FA3EBC7B6F81D99D /* MockXomifyServiceProtocol.swift */,
				BC412162FDDE5E20E725713A /* MockXomifyServicing.swift */,
				60ED71CF786B711E482B0F4F /* NotificationsServiceTests.swift */,
				ABFD1B5524784BB1C1D3159A /* ProfileLikesViewModelTests.swift */,
				4A0B7F6F74066BE37CAED577 /* SettingsViewModelTests.swift */,
				EC9DE517DC7F22981C08234F /* ShareComposerViewModelTests.swift */,
				DDE575BAF70D30E456BD526A /* SharesByUserViewModelTests.swift */,
				A149D18F0C9C45FE02DF2FFE /* UserProfileViewModelTests.swift */,
			);
			path = "Xomify-iOSTests";
			sourceTree = SOURCE_ROOT;
		};
		5291E4BD2F0822CF00A10C3E = {
			isa = PBXGroup;
			children = (
				5291E4E52F084B2400A10C3E /* secrets.template.xcconfig */,
				5291E4E32F08498E00A10C3E /* secrets.xcconfig */,
				F29641AC2FA19F5200A9830C /* XomifyShareExtension */,
				5291E4C72F0822CF00A10C3E /* Products */,
				5291E4C82F0822D000A10C3E /* Xomify-iOS */,
				D403F6C26804C4D126E8D98D /* Frameworks */,
				418EC84A4AD12598D80D18C6 /* Xomify-iOSTests */,
			);
			sourceTree = "<group>";
		};
		5291E4C72F0822CF00A10C3E /* Products */ = {
			isa = PBXGroup;
			children = (
				5291E4C62F0822CF00A10C3E /* Xomify-iOS.app */,
				F29641AB2FA19F5200A9830C /* XomifyShareExtension.appex */,
				3450C82D7172082063125400 /* Xomify-iOSTests.xctest */,
			);
			name = Products;
			sourceTree = "<group>";
		};
		D403F6C26804C4D126E8D98D /* Frameworks */ = {
			isa = PBXGroup;
			children = (
				DD755C1CFB2B63F5DF1408AC /* iOS */,
			);
			name = Frameworks;
			sourceTree = "<group>";
		};
		DD755C1CFB2B63F5DF1408AC /* iOS */ = {
			isa = PBXGroup;
			children = (
				CAD5C93A2102061C858643E4 /* Foundation.framework */,
			);
			name = iOS;
			sourceTree = "<group>";
		};
/* End PBXGroup section */

/* Begin PBXNativeTarget section */
		5291E4C52F0822CF00A10C3E /* Xomify-iOS */ = {
			isa = PBXNativeTarget;
			buildConfigurationList = 5291E4D12F0822D400A10C3E /* Build configuration list for PBXNativeTarget "Xomify-iOS" */;
			buildPhases = (
				5291E4C22F0822CF00A10C3E /* Sources */,
				5291E4C32F0822CF00A10C3E /* Frameworks */,
				5291E4C42F0822CF00A10C3E /* Resources */,
				F29641A22FA19EF400A9830C /* Embed Foundation Extensions */,
			);
			buildRules = (
			);
			dependencies = (
				F29641B42FA19F5200A9830C /* PBXTargetDependency */,
			);
			fileSystemSynchronizedGroups = (
				5291E4C82F0822D000A10C3E /* Xomify-iOS */,
			);
			name = "Xomify-iOS";
			packageProductDependencies = (
				5291E4D52F08231D00A10C3E /* SpotifyiOS */,
			);
			productName = "Xomify-iOS";
			productReference = 5291E4C62F0822CF00A10C3E /* Xomify-iOS.app */;
			productType = "com.apple.product-type.application";
		};
		BC895F26CCD9D74429C77650 /* Xomify-iOSTests */ = {
			isa = PBXNativeTarget;
			buildConfigurationList = A9E506FC7370EAA0802B3931 /* Build configuration list for PBXNativeTarget "Xomify-iOSTests" */;
			buildPhases = (
				A56A61EF73326935D9663D9D /* Sources */,
				CB5C1543E8D3BDDEA8FB21A0 /* Frameworks */,
				C8BFF3AECB3ADCA4EA7E923F /* Resources */,
			);
			buildRules = (
			);
			dependencies = (
				885829D102B64F8390C8AF0F /* PBXTargetDependency */,
			);
			name = "Xomify-iOSTests";
			productName = "Xomify-iOSTests";
			productReference = 3450C82D7172082063125400 /* Xomify-iOSTests.xctest */;
			productType = "com.apple.product-type.bundle.unit-test";
		};
		F29641AA2FA19F5200A9830C /* XomifyShareExtension */ = {
			isa = PBXNativeTarget;
			buildConfigurationList = F29641B72FA19F5200A9830C /* Build configuration list for PBXNativeTarget "XomifyShareExtension" */;
			buildPhases = (
				F29641A72FA19F5200A9830C /* Sources */,
				F29641A82FA19F5200A9830C /* Frameworks */,
				F29641A92FA19F5200A9830C /* Resources */,
			);
			buildRules = (
			);
			dependencies = (
			);
			fileSystemSynchronizedGroups = (
				F29641AC2FA19F5200A9830C /* XomifyShareExtension */,
			);
			name = XomifyShareExtension;
			productName = XomifyShareExtension;
			productReference = F29641AB2FA19F5200A9830C /* XomifyShareExtension.appex */;
			productType = "com.apple.product-type.app-extension";
		};
/* End PBXNativeTarget section */

/* Begin PBXProject section */
		5291E4BE2F0822CF00A10C3E /* Project object */ = {
			isa = PBXProject;
			attributes = {
				BuildIndependentTargetsInParallel = 1;
				LastSwiftUpdateCheck = 2620;
				LastUpgradeCheck = 2610;
				TargetAttributes = {
					5291E4C52F0822CF00A10C3E = {
						CreatedOnToolsVersion = 26.1.1;
					};
					F29641AA2FA19F5200A9830C = {
						CreatedOnToolsVersion = 26.2;
					};
				};
			};
			buildConfigurationList = 5291E4C12F0822CF00A10C3E /* Build configuration list for PBXProject "Xomify-iOS" */;
			developmentRegion = en;
			hasScannedForEncodings = 0;
			knownRegions = (
				en,
				Base,
			);
			mainGroup = 5291E4BD2F0822CF00A10C3E;
			minimizedProjectReferenceProxies = 1;
			packageReferences = (
				5291E4D42F08231D00A10C3E /* XCRemoteSwiftPackageReference "ios-sdk" */,
			);
			preferredProjectObjectVersion = 77;
			productRefGroup = 5291E4C72F0822CF00A10C3E /* Products */;
			projectDirPath = "";
			projectRoot = "";
			targets = (
				5291E4C52F0822CF00A10C3E /* Xomify-iOS */,
				F29641AA2FA19F5200A9830C /* XomifyShareExtension */,
				BC895F26CCD9D74429C77650 /* Xomify-iOSTests */,
			);
		};
/* End PBXProject section */

/* Begin PBXResourcesBuildPhase section */
		5291E4C42F0822CF00A10C3E /* Resources */ = {
			isa = PBXResourcesBuildPhase;
			buildActionMask = 2147483647;
			files = (
				5291E4E42F08498E00A10C3E /* secrets.xcconfig in Resources */,
				5291E4E62F084B2400A10C3E /* secrets.template.xcconfig in Resources */,
			);
			runOnlyForDeploymentPostprocessing = 0;
		};
		C8BFF3AECB3ADCA4EA7E923F /* Resources */ = {
			isa = PBXResourcesBuildPhase;
			buildActionMask = 2147483647;
			files = (
			);
			runOnlyForDeploymentPostprocessing = 0;
		};
		F29641A92FA19F5200A9830C /* Resources */ = {
			isa = PBXResourcesBuildPhase;
			buildActionMask = 2147483647;
			files = (
			);
			runOnlyForDeploymentPostprocessing = 0;
		};
/* End PBXResourcesBuildPhase section */

/* Begin PBXSourcesBuildPhase section */
		5291E4C22F0822CF00A10C3E /* Sources */ = {
			isa = PBXSourcesBuildPhase;
			buildActionMask = 2147483647;
			files = (
			);
			runOnlyForDeploymentPostprocessing = 0;
		};
		A56A61EF73326935D9663D9D /* Sources */ = {
			isa = PBXSourcesBuildPhase;
			buildActionMask = 2147483647;
			files = (
				780B59EF4A2BBA3F2E5D0D04 /* AuthServiceJwtTests.swift in Sources */,
				0E58FD1B93526554540102B2 /* MarkListenedTests.swift in Sources */,
				7CF6A051BF0A423E80ECFC27 /* MockXomifyServiceProtocol.swift in Sources */,
				298BFE084D497A84B6D63C02 /* MockXomifyServicing.swift in Sources */,
				EDDAC6AEABF69C2791E38B4E /* NotificationsServiceTests.swift in Sources */,
				B0220430B97A8504A91FE818 /* ProfileLikesViewModelTests.swift in Sources */,
				5E5ED423C767FCDA4757A1D8 /* SettingsViewModelTests.swift in Sources */,
				C521E81E03B10F74F79C14CD /* ShareComposerViewModelTests.swift in Sources */,
				295727F58E95E201E6B2EAD9 /* SharesByUserViewModelTests.swift in Sources */,
				2A0C3C8DD8CE35F4C62D23F3 /* UserProfileViewModelTests.swift in Sources */,
			);
			runOnlyForDeploymentPostprocessing = 0;
		};
		F29641A72FA19F5200A9830C /* Sources */ = {
			isa = PBXSourcesBuildPhase;
			buildActionMask = 2147483647;
			files = (
			);
			runOnlyForDeploymentPostprocessing = 0;
		};
/* End PBXSourcesBuildPhase section */

/* Begin PBXTargetDependency section */
		885829D102B64F8390C8AF0F /* PBXTargetDependency */ = {
			isa = PBXTargetDependency;
			name = "Xomify-iOS";
			target = 5291E4C52F0822CF00A10C3E /* Xomify-iOS */;
			targetProxy = 548498BBD38773AC50FA622C /* PBXContainerItemProxy */;
		};
		F29641B42FA19F5200A9830C /* PBXTargetDependency */ = {
			isa = PBXTargetDependency;
			target = F29641AA2FA19F5200A9830C /* XomifyShareExtension */;
			targetProxy = F29641B32FA19F5200A9830C /* PBXContainerItemProxy */;
		};
/* End PBXTargetDependency section */

/* Begin XCBuildConfiguration section */
		2E48CB112FA8052564E89FFF /* Debug */ = {
			isa = XCBuildConfiguration;
			buildSettings = {
				BUNDLE_LOADER = "$(TEST_HOST)";
				CLANG_ENABLE_OBJC_WEAK = NO;
				CODE_SIGN_STYLE = Automatic;
				GENERATE_INFOPLIST_FILE = YES;
				INFOPLIST_KEY_CFBundleDisplayName = "Xomify-iOSTests";
				IPHONEOS_DEPLOYMENT_TARGET = 17.0;
				PRODUCT_BUNDLE_IDENTIFIER = com.Xomware.Xomify.tests;
				PRODUCT_NAME = "$(TARGET_NAME)";
				SDKROOT = iphoneos;
				SWIFT_EMIT_LOC_STRINGS = NO;
				SWIFT_VERSION = 5.0;
				TEST_HOST = "$(BUILT_PRODUCTS_DIR)/Xomify-iOS.app/$(BUNDLE_EXECUTABLE_FOLDER_PATH)/Xomify-iOS";
			};
			name = Debug;
		};
		501FF8101723B405324E13F4 /* Release */ = {
			isa = XCBuildConfiguration;
			buildSettings = {
				BUNDLE_LOADER = "$(TEST_HOST)";
				CLANG_ENABLE_OBJC_WEAK = NO;
				CODE_SIGN_STYLE = Automatic;
				GENERATE_INFOPLIST_FILE = YES;
				INFOPLIST_KEY_CFBundleDisplayName = "Xomify-iOSTests";
				IPHONEOS_DEPLOYMENT_TARGET = 17.0;
				PRODUCT_BUNDLE_IDENTIFIER = com.Xomware.Xomify.tests;
				PRODUCT_NAME = "$(TARGET_NAME)";
				SDKROOT = iphoneos;
				SWIFT_EMIT_LOC_STRINGS = NO;
				SWIFT_VERSION = 5.0;
				TEST_HOST = "$(BUILT_PRODUCTS_DIR)/Xomify-iOS.app/$(BUNDLE_EXECUTABLE_FOLDER_PATH)/Xomify-iOS";
				VALIDATE_PRODUCT = YES;
			};
			name = Release;
		};
		5291E4CF2F0822D400A10C3E /* Debug */ = {
			isa = XCBuildConfiguration;
			baseConfigurationReference = 5291E4E32F08498E00A10C3E /* secrets.xcconfig */;
			buildSettings = {
				ALWAYS_SEARCH_USER_PATHS = NO;
				ASSETCATALOG_COMPILER_GENERATE_SWIFT_ASSET_SYMBOL_EXTENSIONS = YES;
				CLANG_ANALYZER_NONNULL = YES;
				CLANG_ANALYZER_NUMBER_OBJECT_CONVERSION = YES_AGGRESSIVE;
				CLANG_CXX_LANGUAGE_STANDARD = "gnu++20";
				CLANG_ENABLE_MODULES = YES;
				CLANG_ENABLE_OBJC_ARC = YES;
				CLANG_ENABLE_OBJC_WEAK = YES;
				CLANG_WARN_BLOCK_CAPTURE_AUTORELEASING = YES;
				CLANG_WARN_BOOL_CONVERSION = YES;
				CLANG_WARN_COMMA = YES;
				CLANG_WARN_CONSTANT_CONVERSION = YES;
				CLANG_WARN_DEPRECATED_OBJC_IMPLEMENTATIONS = YES;
				CLANG_WARN_DIRECT_OBJC_ISA_USAGE = YES_ERROR;
				CLANG_WARN_DOCUMENTATION_COMMENTS = YES;
				CLANG_WARN_EMPTY_BODY = YES;
				CLANG_WARN_ENUM_CONVERSION = YES;
				CLANG_WARN_INFINITE_RECURSION = YES;
				CLANG_WARN_INT_CONVERSION = YES;
				CLANG_WARN_NON_LITERAL_NULL_CONVERSION = YES;
				CLANG_WARN_OBJC_IMPLICIT_RETAIN_SELF = YES;
				CLANG_WARN_OBJC_LITERAL_CONVERSION = YES;
				CLANG_WARN_OBJC_ROOT_CLASS = YES_ERROR;
				CLANG_WARN_QUOTED_INCLUDE_IN_FRAMEWORK_HEADER = YES;
				CLANG_WARN_RANGE_LOOP_ANALYSIS = YES;
				CLANG_WARN_STRICT_PROTOTYPES = YES;
				CLANG_WARN_SUSPICIOUS_MOVE = YES;
				CLANG_WARN_UNGUARDED_AVAILABILITY = YES_AGGRESSIVE;
				CLANG_WARN_UNREACHABLE_CODE = YES;
				CLANG_WARN__DUPLICATE_METHOD_MATCH = YES;
				COPY_PHASE_STRIP = NO;
				DEBUG_INFORMATION_FORMAT = dwarf;
				DEVELOPMENT_TEAM = A3HMLDS2AL;
				ENABLE_STRICT_OBJC_MSGSEND = YES;
				ENABLE_TESTABILITY = YES;
				ENABLE_USER_SCRIPT_SANDBOXING = YES;
				GCC_C_LANGUAGE_STANDARD = gnu17;
				GCC_DYNAMIC_NO_PIC = NO;
				GCC_NO_COMMON_BLOCKS = YES;
				GCC_OPTIMIZATION_LEVEL = 0;
				GCC_PREPROCESSOR_DEFINITIONS = (
					"DEBUG=1",
					"$(inherited)",
				);
				GCC_WARN_64_TO_32_BIT_CONVERSION = YES;
				GCC_WARN_ABOUT_RETURN_TYPE = YES_ERROR;
				GCC_WARN_UNDECLARED_SELECTOR = YES;
				GCC_WARN_UNINITIALIZED_AUTOS = YES_AGGRESSIVE;
				GCC_WARN_UNUSED_FUNCTION = YES;
				GCC_WARN_UNUSED_VARIABLE = YES;
				IPHONEOS_DEPLOYMENT_TARGET = 17.0;
				LOCALIZATION_PREFERS_STRING_CATALOGS = YES;
				MTL_ENABLE_DEBUG_INFO = INCLUDE_SOURCE;
				MTL_FAST_MATH = YES;
				ONLY_ACTIVE_ARCH = YES;
				SDKROOT = iphoneos;
				SWIFT_ACTIVE_COMPILATION_CONDITIONS = "DEBUG $(inherited)";
				SWIFT_OPTIMIZATION_LEVEL = "-Onone";
			};
			name = Debug;
		};
		5291E4D02F0822D400A10C3E /* Release */ = {
			isa = XCBuildConfiguration;
			baseConfigurationReference = 5291E4E32F08498E00A10C3E /* secrets.xcconfig */;
			buildSettings = {
				ALWAYS_SEARCH_USER_PATHS = NO;
				ASSETCATALOG_COMPILER_GENERATE_SWIFT_ASSET_SYMBOL_EXTENSIONS = YES;
				CLANG_ANALYZER_NONNULL = YES;
				CLANG_ANALYZER_NUMBER_OBJECT_CONVERSION = YES_AGGRESSIVE;
				CLANG_CXX_LANGUAGE_STANDARD = "gnu++20";
				CLANG_ENABLE_MODULES = YES;
				CLANG_ENABLE_OBJC_ARC = YES;
				CLANG_ENABLE_OBJC_WEAK = YES;
				CLANG_WARN_BLOCK_CAPTURE_AUTORELEASING = YES;
				CLANG_WARN_BOOL_CONVERSION = YES;
				CLANG_WARN_COMMA = YES;
				CLANG_WARN_CONSTANT_CONVERSION = YES;
				CLANG_WARN_DEPRECATED_OBJC_IMPLEMENTATIONS = YES;
				CLANG_WARN_DIRECT_OBJC_ISA_USAGE = YES_ERROR;
				CLANG_WARN_DOCUMENTATION_COMMENTS = YES;
				CLANG_WARN_EMPTY_BODY = YES;
				CLANG_WARN_ENUM_CONVERSION = YES;
				CLANG_WARN_INFINITE_RECURSION = YES;
				CLANG_WARN_INT_CONVERSION = YES;
				CLANG_WARN_NON_LITERAL_NULL_CONVERSION = YES;
				CLANG_WARN_OBJC_IMPLICIT_RETAIN_SELF = YES;
				CLANG_WARN_OBJC_LITERAL_CONVERSION = YES;
				CLANG_WARN_OBJC_ROOT_CLASS = YES_ERROR;
				CLANG_WARN_QUOTED_INCLUDE_IN_FRAMEWORK_HEADER = YES;
				CLANG_WARN_RANGE_LOOP_ANALYSIS = YES;
				CLANG_WARN_STRICT_PROTOTYPES = YES;
				CLANG_WARN_SUSPICIOUS_MOVE = YES;
				CLANG_WARN_UNGUARDED_AVAILABILITY = YES_AGGRESSIVE;
				CLANG_WARN_UNREACHABLE_CODE = YES;
				CLANG_WARN__DUPLICATE_METHOD_MATCH = YES;
				COPY_PHASE_STRIP = NO;
				DEBUG_INFORMATION_FORMAT = "dwarf-with-dsym";
				DEVELOPMENT_TEAM = A3HMLDS2AL;
				ENABLE_NS_ASSERTIONS = NO;
				ENABLE_STRICT_OBJC_MSGSEND = YES;
				ENABLE_USER_SCRIPT_SANDBOXING = YES;
				GCC_C_LANGUAGE_STANDARD = gnu17;
				GCC_NO_COMMON_BLOCKS = YES;
				GCC_WARN_64_TO_32_BIT_CONVERSION = YES;
				GCC_WARN_ABOUT_RETURN_TYPE = YES_ERROR;
				GCC_WARN_UNDECLARED_SELECTOR = YES;
				GCC_WARN_UNINITIALIZED_AUTOS = YES_AGGRESSIVE;
				GCC_WARN_UNUSED_FUNCTION = YES;
				GCC_WARN_UNUSED_VARIABLE = YES;
				IPHONEOS_DEPLOYMENT_TARGET = 17.0;
				LOCALIZATION_PREFERS_STRING_CATALOGS = YES;
				MTL_ENABLE_DEBUG_INFO = NO;
				MTL_FAST_MATH = YES;
				SDKROOT = iphoneos;
				SWIFT_COMPILATION_MODE = wholemodule;
				VALIDATE_PRODUCT = YES;
			};
			name = Release;
		};
		5291E4D22F0822D400A10C3E /* Debug */ = {
			isa = XCBuildConfiguration;
			baseConfigurationReference = 5291E4E32F08498E00A10C3E /* secrets.xcconfig */;
			buildSettings = {
				APS_ENVIRONMENT = development;
				ASSETCATALOG_COMPILER_APPICON_NAME = AppIcon;
				ASSETCATALOG_COMPILER_GLOBAL_ACCENT_COLOR_NAME = AccentColor;
				CODE_SIGN_ENTITLEMENTS = "Xomify-iOS/Xomify-iOS.entitlements";
				CODE_SIGN_STYLE = Automatic;
				CURRENT_PROJECT_VERSION = 1;
				DEVELOPMENT_TEAM = A3HMLDS2AL;
				ENABLE_PREVIEWS = YES;
				GENERATE_INFOPLIST_FILE = YES;
				INFOPLIST_FILE = "Xomify-iOS/Info.plist";
				INFOPLIST_KEY_CFBundleDisplayName = Xomify;
				INFOPLIST_KEY_UIApplicationSceneManifest_Generation = YES;
				INFOPLIST_KEY_UIApplicationSupportsIndirectInputEvents = YES;
				INFOPLIST_KEY_UILaunchScreen_Generation = YES;
				INFOPLIST_KEY_UISupportedInterfaceOrientations_iPad = "UIInterfaceOrientationPortrait UIInterfaceOrientationPortraitUpsideDown UIInterfaceOrientationLandscapeLeft UIInterfaceOrientationLandscapeRight";
				INFOPLIST_KEY_UISupportedInterfaceOrientations_iPhone = "UIInterfaceOrientationPortrait UIInterfaceOrientationLandscapeLeft UIInterfaceOrientationLandscapeRight";
				LD_RUNPATH_SEARCH_PATHS = (
					"$(inherited)",
					"@executable_path/Frameworks",
				);
				MARKETING_VERSION = 1.18.0;
				PRODUCT_BUNDLE_IDENTIFIER = com.Xomware.Xomify;
				PRODUCT_NAME = "$(TARGET_NAME)";
				STRING_CATALOG_GENERATE_SYMBOLS = YES;
				SWIFT_APPROACHABLE_CONCURRENCY = YES;
				SWIFT_DEFAULT_ACTOR_ISOLATION = MainActor;
				SWIFT_EMIT_LOC_STRINGS = YES;
				SWIFT_UPCOMING_FEATURE_MEMBER_IMPORT_VISIBILITY = YES;
				SWIFT_VERSION = 5.0;
				TARGETED_DEVICE_FAMILY = "1,2";
			};
			name = Debug;
		};
		5291E4D32F0822D400A10C3E /* Release */ = {
			isa = XCBuildConfiguration;
			baseConfigurationReference = 5291E4E32F08498E00A10C3E /* secrets.xcconfig */;
			buildSettings = {
				APS_ENVIRONMENT = production;
				ASSETCATALOG_COMPILER_APPICON_NAME = AppIcon;
				ASSETCATALOG_COMPILER_GLOBAL_ACCENT_COLOR_NAME = AccentColor;
				CODE_SIGN_ENTITLEMENTS = "Xomify-iOS/Xomify-iOS.entitlements";
				CODE_SIGN_STYLE = Automatic;
				CURRENT_PROJECT_VERSION = 1;
				DEVELOPMENT_TEAM = A3HMLDS2AL;
				ENABLE_PREVIEWS = YES;
				GENERATE_INFOPLIST_FILE = YES;
				INFOPLIST_FILE = "Xomify-iOS/Info.plist";
				INFOPLIST_KEY_CFBundleDisplayName = Xomify;
				INFOPLIST_KEY_UIApplicationSceneManifest_Generation = YES;
				INFOPLIST_KEY_UIApplicationSupportsIndirectInputEvents = YES;
				INFOPLIST_KEY_UILaunchScreen_Generation = YES;
				INFOPLIST_KEY_UISupportedInterfaceOrientations_iPad = "UIInterfaceOrientationPortrait UIInterfaceOrientationPortraitUpsideDown UIInterfaceOrientationLandscapeLeft UIInterfaceOrientationLandscapeRight";
				INFOPLIST_KEY_UISupportedInterfaceOrientations_iPhone = "UIInterfaceOrientationPortrait UIInterfaceOrientationLandscapeLeft UIInterfaceOrientationLandscapeRight";
				LD_RUNPATH_SEARCH_PATHS = (
					"$(inherited)",
					"@executable_path/Frameworks",
				);
				MARKETING_VERSION = 1.18.0;
				PRODUCT_BUNDLE_IDENTIFIER = com.Xomware.Xomify;
				PRODUCT_NAME = "$(TARGET_NAME)";
				STRING_CATALOG_GENERATE_SYMBOLS = YES;
				SWIFT_APPROACHABLE_CONCURRENCY = YES;
				SWIFT_DEFAULT_ACTOR_ISOLATION = MainActor;
				SWIFT_EMIT_LOC_STRINGS = YES;
				SWIFT_UPCOMING_FEATURE_MEMBER_IMPORT_VISIBILITY = YES;
				SWIFT_VERSION = 5.0;
				TARGETED_DEVICE_FAMILY = "1,2";
			};
			name = Release;
		};
		F29641B82FA19F5200A9830C /* Debug */ = {
			isa = XCBuildConfiguration;
			buildSettings = {
				CODE_SIGN_STYLE = Automatic;
				CURRENT_PROJECT_VERSION = 1;
				DEVELOPMENT_TEAM = A3HMLDS2AL;
				GENERATE_INFOPLIST_FILE = YES;
				INFOPLIST_FILE = XomifyShareExtension/Info.plist;
				INFOPLIST_KEY_CFBundleDisplayName = XomifyShareExtension;
				INFOPLIST_KEY_NSHumanReadableCopyright = "";
				IPHONEOS_DEPLOYMENT_TARGET = 26.2;
				LD_RUNPATH_SEARCH_PATHS = (
					"$(inherited)",
					"@executable_path/Frameworks",
					"@executable_path/../../Frameworks",
				);
				MARKETING_VERSION = 1.18.0;
				PRODUCT_BUNDLE_IDENTIFIER = com.Xomware.Xomify.XomifyShareExtension;
				PRODUCT_NAME = "$(TARGET_NAME)";
				SKIP_INSTALL = YES;
				STRING_CATALOG_GENERATE_SYMBOLS = YES;
				SWIFT_APPROACHABLE_CONCURRENCY = YES;
				SWIFT_EMIT_LOC_STRINGS = YES;
				SWIFT_UPCOMING_FEATURE_MEMBER_IMPORT_VISIBILITY = YES;
				SWIFT_VERSION = 5.0;
				TARGETED_DEVICE_FAMILY = "1,2";
			};
			name = Debug;
		};
		F29641B92FA19F5200A9830C /* Release */ = {
			isa = XCBuildConfiguration;
			buildSettings = {
				CODE_SIGN_STYLE = Automatic;
				CURRENT_PROJECT_VERSION = 1;
				DEVELOPMENT_TEAM = A3HMLDS2AL;
				GENERATE_INFOPLIST_FILE = YES;
				INFOPLIST_FILE = XomifyShareExtension/Info.plist;
				INFOPLIST_KEY_CFBundleDisplayName = XomifyShareExtension;
				INFOPLIST_KEY_NSHumanReadableCopyright = "";
				IPHONEOS_DEPLOYMENT_TARGET = 26.2;
				LD_RUNPATH_SEARCH_PATHS = (
					"$(inherited)",
					"@executable_path/Frameworks",
					"@executable_path/../../Frameworks",
				);
				MARKETING_VERSION = 1.18.0;
				PRODUCT_BUNDLE_IDENTIFIER = com.Xomware.Xomify.XomifyShareExtension;
				PRODUCT_NAME = "$(TARGET_NAME)";
				SKIP_INSTALL = YES;
				STRING_CATALOG_GENERATE_SYMBOLS = YES;
				SWIFT_APPROACHABLE_CONCURRENCY = YES;
				SWIFT_EMIT_LOC_STRINGS = YES;
				SWIFT_UPCOMING_FEATURE_MEMBER_IMPORT_VISIBILITY = YES;
				SWIFT_VERSION = 5.0;
				TARGETED_DEVICE_FAMILY = "1,2";
			};
			name = Release;
		};
/* End XCBuildConfiguration section */

/* Begin XCConfigurationList section */
		5291E4C12F0822CF00A10C3E /* Build configuration list for PBXProject "Xomify-iOS" */ = {
			isa = XCConfigurationList;
			buildConfigurations = (
				5291E4CF2F0822D400A10C3E /* Debug */,
				5291E4D02F0822D400A10C3E /* Release */,
			);
			defaultConfigurationIsVisible = 0;
			defaultConfigurationName = Release;
		};
		5291E4D12F0822D400A10C3E /* Build configuration list for PBXNativeTarget "Xomify-iOS" */ = {
			isa = XCConfigurationList;
			buildConfigurations = (
				5291E4D22F0822D400A10C3E /* Debug */,
				5291E4D32F0822D400A10C3E /* Release */,
			);
			defaultConfigurationIsVisible = 0;
			defaultConfigurationName = Release;
		};
		A9E506FC7370EAA0802B3931 /* Build configuration list for PBXNativeTarget "Xomify-iOSTests" */ = {
			isa = XCConfigurationList;
			buildConfigurations = (
				501FF8101723B405324E13F4 /* Release */,
				2E48CB112FA8052564E89FFF /* Debug */,
			);
			defaultConfigurationIsVisible = 0;
			defaultConfigurationName = Release;
		};
		F29641B72FA19F5200A9830C /* Build configuration list for PBXNativeTarget "XomifyShareExtension" */ = {
			isa = XCConfigurationList;
			buildConfigurations = (
				F29641B82FA19F5200A9830C /* Debug */,
				F29641B92FA19F5200A9830C /* Release */,
			);
			defaultConfigurationIsVisible = 0;
			defaultConfigurationName = Release;
		};
/* End XCConfigurationList section */

/* Begin XCRemoteSwiftPackageReference section */
		5291E4D42F08231D00A10C3E /* XCRemoteSwiftPackageReference "ios-sdk" */ = {
			isa = XCRemoteSwiftPackageReference;
			repositoryURL = "https://github.com/spotify/ios-sdk";
			requirement = {
				branch = master;
				kind = branch;
			};
		};
/* End XCRemoteSwiftPackageReference section */

/* Begin XCSwiftPackageProductDependency section */
		5291E4D52F08231D00A10C3E /* SpotifyiOS */ = {
			isa = XCSwiftPackageProductDependency;
			package = 5291E4D42F08231D00A10C3E /* XCRemoteSwiftPackageReference "ios-sdk" */;
			productName = SpotifyiOS;
		};
/* End XCSwiftPackageProductDependency section */
	};
	rootObject = 5291E4BE2F0822CF00A10C3E /* Project object */;
}
